
Microsoft Visual Studio Solution File, Format Version 11.00
# Visual Studio 2010
Project("{2150E333-8FDC-42A3-9474-1A3956D46DE8}") = "Solution Items", "Solution Items", "{29FB6D19-D5E1-4477-8F7A-6B2A58299522}"
	ProjectSection(SolutionItems) = preProject
		IndexMLWithCodeCoverage.testsettings = IndexMLWithCodeCoverage.testsettings
		Settings.StyleCop = Settings.StyleCop
	EndProjectSection
EndProject
Project("{FAE04EC0-301F-11D3-BF4B-00C04F79EFBC}") = "IndexML", "IndexML\IndexML.csproj", "{655194D7-888D-45EC-89D9-D0D1C6005C12}"
EndProject
Project("{FAE04EC0-301F-11D3-BF4B-00C04F79EFBC}") = "IndexML.UnitTests", "IndexML.UnitTests\IndexML.UnitTests.csproj", "{CA753657-AF6F-4465-A28E-77F54B3C9BB6}"
EndProject
Project("{2150E333-8FDC-42A3-9474-1A3956D46DE8}") = ".nuget", ".nuget", "{E423A804-EFBB-4B7D-8245-3E481A2AD80B}"
	ProjectSection(SolutionItems) = preProject
		.nuget\NuGet.Config = .nuget\NuGet.Config
		.nuget\nuget.exe = .nuget\nuget.exe
		.nuget\NuGet.targets = .nuget\NuGet.targets
	EndProjectSection
EndProject
Global
	GlobalSection(SolutionConfigurationPlatforms) = preSolution
		Debug|Any CPU = Debug|Any CPU
		Debug|Mixed Platforms = Debug|Mixed Platforms
		Debug|x86 = Debug|x86
		Release|Any CPU = Release|Any CPU
		Release|Mixed Platforms = Release|Mixed Platforms
		Release|x86 = Release|x86
	EndGlobalSection
	GlobalSection(ProjectConfigurationPlatforms) = postSolution
		{655194D7-888D-45EC-89D9-D0D1C6005C12}.Debug|Any CPU.ActiveCfg = Debug|x86
		{655194D7-888D-45EC-89D9-D0D1C6005C12}.Debug|Mixed Platforms.ActiveCfg = Debug|x86
		{655194D7-888D-45EC-89D9-D0D1C6005C12}.Debug|Mixed Platforms.Build.0 = Debug|x86
		{655194D7-888D-45EC-89D9-D0D1C6005C12}.Debug|x86.ActiveCfg = Debug|x86
		{655194D7-888D-45EC-89D9-D0D1C6005C12}.Debug|x86.Build.0 = Debug|x86
		{655194D7-888D-45EC-89D9-D0D1C6005C12}.Release|Any CPU.ActiveCfg = Release|x86
		{655194D7-888D-45EC-89D9-D0D1C6005C12}.Release|Mixed Platforms.ActiveCfg = Release|x86
		{655194D7-888D-45EC-89D9-D0D1C6005C12}.Release|Mixed Platforms.Build.0 = Release|x86
		{655194D7-888D-45EC-89D9-D0D1C6005C12}.Release|x86.ActiveCfg = Release|x86
		{655194D7-888D-45EC-89D9-D0D1C6005C12}.Release|x86.Build.0 = Release|x86
		{CA753657-AF6F-4465-A28E-77F54B3C9BB6}.Debug|Any CPU.ActiveCfg = Debug|Any CPU
		{CA753657-AF6F-4465-A28E-77F54B3C9BB6}.Debug|Any CPU.Build.0 = Debug|Any CPU
		{CA753657-AF6F-4465-A28E-77F54B3C9BB6}.Debug|Mixed Platforms.ActiveCfg = Debug|Any CPU
		{CA753657-AF6F-4465-A28E-77F54B3C9BB6}.Debug|Mixed Platforms.Build.0 = Debug|Any CPU
		{CA753657-AF6F-4465-A28E-77F54B3C9BB6}.Debug|x86.ActiveCfg = Debug|Any CPU
		{CA753657-AF6F-4465-A28E-77F54B3C9BB6}.Release|Any CPU.ActiveCfg = Release|Any CPU
		{CA753657-AF6F-4465-A28E-77F54B3C9BB6}.Release|Any CPU.Build.0 = Release|Any CPU
		{CA753657-AF6F-4465-A28E-77F54B3C9BB6}.Release|Mixed Platforms.ActiveCfg = Release|Any CPU
		{CA753657-AF6F-4465-A28E-77F54B3C9BB6}.Release|Mixed Platforms.Build.0 = Release|Any CPU
		{CA753657-AF6F-4465-A28E-77F54B3C9BB6}.Release|x86.ActiveCfg = Release|Any CPU
	EndGlobalSection
	GlobalSection(SolutionProperties) = preSolution
		HideSolutionNode = FALSE
	EndGlobalSection
EndGlobal
